schema: '2.0'
stages:
  pre-commmit:
    cmd: pre-commit run --all-files  && chktex -q -V paper.tex -n 24 -n 8 -n 1 -n
      13 -n 45 -n 36 && touch pre_commit.flag
    deps:
    - path: .pre-commit-config.yaml
      md5: 4798415da4da19ce2c319fb8bc774a65
      size: 1191
    - path: arxiv.py
      md5: 320bb654191325bd5654a90fefd522ce
      size: 7839
    - path: bibliography.bib
      md5: d3091f03af17da199bb34f7e5018e4d2
      size: 183172
    - path: paper.tex
      md5: 02c159b24b06062e72b7e66e357a7faf
      size: 23002
    outs:
    - path: pre_commit.flag
      md5: d41d8cd98f00b204e9800998ecf8427e
      size: 0
      isexec: true
  first_run:
    cmd: pdflatex  paper.tex
    deps:
    - path: .pre-commit-config.yaml
      md5: 4798415da4da19ce2c319fb8bc774a65
      size: 1191
    - path: arxiv.py
      md5: 320bb654191325bd5654a90fefd522ce
      size: 7839
    - path: bibliography.bib
      md5: d3091f03af17da199bb34f7e5018e4d2
      size: 183172
    - path: paper.tex
      md5: 02c159b24b06062e72b7e66e357a7faf
      size: 23002
    - path: pre_commit.flag
      md5: d41d8cd98f00b204e9800998ecf8427e
      size: 0
    outs:
    - path: paper.aux
      md5: 297486e1c396b94db0c4bcf4fba2ea6a
      size: 4418
    - path: paper.log
      md5: 5cf2a7a967854a5d03e1259d9f01a3ea
      size: 24442
  big_run:
    cmd: pdflatex  paper.tex && pdflatex  paper.tex
    deps:
    - path: bibliography.bib
      md5: d3091f03af17da199bb34f7e5018e4d2
      size: 183172
    - path: paper.aux
      md5: 297486e1c396b94db0c4bcf4fba2ea6a
      size: 4418
      isexec: true
    - path: paper.log
      md5: 6bad69cc867da060d6dce7edaaea4f5c
      size: 24357
      isexec: true
    - path: paper.tex
      md5: 02c159b24b06062e72b7e66e357a7faf
      size: 23002
    outs:
    - path: paper.pdf
      md5: a0835fd40a98a77caefb8a34c1a8e65b
      size: 190188
      isexec: true
  arxiv:
    cmd: python arxiv.py  --title "deckard- A Declarative Tool for Machine Learning
      Robustness Evaluations"  --directories  --extensions py yaml lock log csv  --delete_these_files
      "paper.aux" "paper.pdf"
    deps:
    - path: arxiv.py
      md5: 320bb654191325bd5654a90fefd522ce
      size: 7839
    - path: paper.pdf
      md5: a0835fd40a98a77caefb8a34c1a8e65b
      size: 190188
    outs:
    - path: deckard- A Declarative Tool for Machine Learning Robustness Evaluations.zip
      md5: e95d50f0db501ff26ea9d5a9704852b8
      size: 71958
      isexec: true
